// !$*UTF8*$!
{
	archiveVersion = 1;
	classes = {
	};
	objectVersion = 77;
	objects = {

/* Begin PBXBuildFile section */
		29837305304C051900712285 /* MnMGameBridge in CopyFiles */ = {isa = PBXBuildFile; fileRef = 298372D2304BFE6000712285 /* MnMGameBridge */; settings = {ATTRIBUTES = (CodeSignOnCopy, ); }; };
		29837306304C051900712285 /* MnMPatcherGuard in CopyFiles */ = {isa = PBXBuildFile; fileRef = 298372E4304C01D400712285 /* MnMPatcherGuard */; settings = {ATTRIBUTES = (CodeSignOnCopy, ); }; };
		29837307304C051900712285 /* MnMPlayRedirect.dylib in CopyFiles */ = {isa = PBXBuildFile; fileRef = 298372F3304C034C00712285 /* MnMPlayRedirect.dylib */; settings = {ATTRIBUTES = (CodeSignOnCopy, ); }; };
/* End PBXBuildFile section */

/* Begin PBXContainerItemProxy section */
		298372FE304C045C00712285 /* PBXContainerItemProxy */ = {
			isa = PBXContainerItemProxy;
			containerPortal = 298372A2304BFCCE00712285 /* Project object */;
			proxyType = 1;
			remoteGlobalIDString = 298372D1304BFE6000712285;
			remoteInfo = MnMGameBridge;
		};
		29837300304C045C00712285 /* PBXContainerItemProxy */ = {
			isa = PBXContainerItemProxy;
			containerPortal = 298372A2304BFCCE00712285 /* Project object */;
			proxyType = 1;
			remoteGlobalIDString = 298372E3304C01D400712285;
			remoteInfo = MnMPatcherGuard;
		};
		29837302304C045C00712285 /* PBXContainerItemProxy */ = {
			isa = PBXContainerItemProxy;
			containerPortal = 298372A2304BFCCE00712285 /* Project object */;
			proxyType = 1;
			remoteGlobalIDString = 298372F2304C034C00712285;
			remoteInfo = MnMPlayRedirect;
		};
/* End PBXContainerItemProxy section */

/* Begin PBXCopyFilesBuildPhase section */
		298372D0304BFE6000712285 /* CopyFiles */ = {
			isa = PBXCopyFilesBuildPhase;
			buildActionMask = 2147483647;
			dstPath = /usr/share/man/man1/;
			dstSubfolderSpec = 0;
			files = (
			);
			runOnlyForDeploymentPostprocessing = 1;
		};
		298372E2304C01D400712285 /* CopyFiles */ = {
			isa = PBXCopyFilesBuildPhase;
			buildActionMask = 2147483647;
			dstPath = /usr/share/man/man1/;
			dstSubfolderSpec = 0;
			files = (
			);
			runOnlyForDeploymentPostprocessing = 1;
		};
		29837304304C04CC00712285 /* CopyFiles */ = {
			isa = PBXCopyFilesBuildPhase;
			buildActionMask = 2147483647;
			dstPath = "";
			dstSubfolderSpec = 7;
			files = (
				29837305304C051900712285 /* MnMGameBridge in CopyFiles */,
				29837306304C051900712285 /* MnMPatcherGuard in CopyFiles */,
				29837307304C051900712285 /* MnMPlayRedirect.dylib in CopyFiles */,
			);
			runOnlyForDeploymentPostprocessing = 0;
		};
/* End PBXCopyFilesBuildPhase section */

/* Begin PBXFileReference section */
		298372AA304BFCCF00712285 /* MnM on Mac.app */ = {isa = PBXFileReference; explicitFileType = wrapper.application; includeInIndex = 0; path = "MnM on Mac.app"; sourceTree = BUILT_PRODUCTS_DIR; };
		298372D2304BFE6000712285 /* MnMGameBridge */ = {isa = PBXFileReference; explicitFileType = "compiled.mach-o.executable"; includeInIndex = 0; path = MnMGameBridge; sourceTree = BUILT_PRODUCTS_DIR; };
		298372E4304C01D400712285 /* MnMPatcherGuard */ = {isa = PBXFileReference; explicitFileType = "compiled.mach-o.executable"; includeInIndex = 0; path = MnMPatcherGuard; sourceTree = BUILT_PRODUCTS_DIR; };
		298372F3304C034C00712285 /* MnMPlayRedirect.dylib */ = {isa = PBXFileReference; explicitFileType = "compiled.mach-o.dylib"; includeInIndex = 0; path = MnMPlayRedirect.dylib; sourceTree = BUILT_PRODUCTS_DIR; };
/* End PBXFileReference section */

/* Begin PBXFileSystemSynchronizedBuildFileExceptionSet section */
		298372DC304C00F000712285 /* Exceptions for "MnM on Mac" folder in "MnMGameBridge" target */ = {
			isa = PBXFileSystemSynchronizedBuildFileExceptionSet;
			membershipExceptions = (
				AppStorage.swift,
				GameRunState.swift,
				NativePatcherInstaller.swift,
				WineRuntime.swift,
			);
			target = 298372D1304BFE6000712285 /* MnMGameBridge */;
		};
		298372EE304C022500712285 /* Exceptions for "MnM on Mac" folder in "MnMPatcherGuard" target */ = {
			isa = PBXFileSystemSynchronizedBuildFileExceptionSet;
			membershipExceptions = (
				AppStorage.swift,
			);
			target = 298372E3304C01D400712285 /* MnMPatcherGuard */;
		};
/* End PBXFileSystemSynchronizedBuildFileExceptionSet section */

/* Begin PBXFileSystemSynchronizedRootGroup section */
		298372AC304BFCCF00712285 /* MnM on Mac */ = {
			isa = PBXFileSystemSynchronizedRootGroup;
			exceptions = (
				298372DC304C00F000712285 /* Exceptions for "MnM on Mac" folder in "MnMGameBridge" target */,
				298372EE304C022500712285 /* Exceptions for "MnM on Mac" folder in "MnMPatcherGuard" target */,
			);
			path = "MnM on Mac";
			sourceTree = "<group>";
		};
		298372D3304BFE6000712285 /* MnMGameBridge */ = {
			isa = PBXFileSystemSynchronizedRootGroup;
			path = MnMGameBridge;
			sourceTree = "<group>";
		};
		298372E5304C01D400712285 /* MnMPatcherGuard */ = {
			isa = PBXFileSystemSynchronizedRootGroup;
			path = MnMPatcherGuard;
			sourceTree = "<group>";
		};
		298372F4304C034C00712285 /* MnMPlayRedirect */ = {
			isa = PBXFileSystemSynchronizedRootGroup;
			path = MnMPlayRedirect;
			sourceTree = "<group>";
		};
/* End PBXFileSystemSynchronizedRootGroup section */

/* Begin PBXFrameworksBuildPhase section */
		298372A7304BFCCF00712285 /* Frameworks */ = {
			isa = PBXFrameworksBuildPhase;
			buildActionMask = 2147483647;
			files = (
			);
			runOnlyForDeploymentPostprocessing = 0;
		};
		298372CF304BFE6000712285 /* Frameworks */ = {
			isa = PBXFrameworksBuildPhase;
			buildActionMask = 2147483647;
			files = (
			);
			runOnlyForDeploymentPostprocessing = 0;
		};
		298372E1304C01D400712285 /* Frameworks */ = {
			isa = PBXFrameworksBuildPhase;
			buildActionMask = 2147483647;
			files = (
			);
			runOnlyForDeploymentPostprocessing = 0;
		};
		298372F1304C034C00712285 /* Frameworks */ = {
			isa = PBXFrameworksBuildPhase;
			buildActionMask = 2147483647;
			files = (
			);
			runOnlyForDeploymentPostprocessing = 0;
		};
/* End PBXFrameworksBuildPhase section */

/* Begin PBXGroup section */
		298372A1304BFCCE00712285 = {
			isa = PBXGroup;
			children = (
				298372AC304BFCCF00712285 /* MnM on Mac */,
				298372D3304BFE6000712285 /* MnMGameBridge */,
				298372E5304C01D400712285 /* MnMPatcherGuard */,
				298372F4304C034C00712285 /* MnMPlayRedirect */,
				298372AB304BFCCF00712285 /* Products */,
			);
			sourceTree = "<group>";
		};
		298372AB304BFCCF00712285 /* Products */ = {
			isa = PBXGroup;
			children = (
				298372AA304BFCCF00712285 /* MnM on Mac.app */,
				298372D2304BFE6000712285 /* MnMGameBridge */,
				298372E4304C01D400712285 /* MnMPatcherGuard */,
				298372F3304C034C00712285 /* MnMPlayRedirect.dylib */,
			);
			name = Products;
			sourceTree = "<group>";
		};
/* End PBXGroup section */

/* Begin PBXHeadersBuildPhase section */
		298372EF304C034C00712285 /* Headers */ = {
			isa = PBXHeadersBuildPhase;
			buildActionMask = 2147483647;
			files = (
			);
			runOnlyForDeploymentPostprocessing = 0;
		};
/* End PBXHeadersBuildPhase section */

/* Begin PBXNativeTarget section */
		298372A9304BFCCF00712285 /* MnM on Mac */ = {
			isa = PBXNativeTarget;
			buildConfigurationList = 298372B5304BFCCF00712285 /* Build configuration list for PBXNativeTarget "MnM on Mac" */;
			buildPhases = (
				298372A6304BFCCF00712285 /* Sources */,
				298372A7304BFCCF00712285 /* Frameworks */,
				298372A8304BFCCF00712285 /* Resources */,
				29837304304C04CC00712285 /* CopyFiles */,
			);
			buildRules = (
			);
			dependencies = (
				298372FF304C045C00712285 /* PBXTargetDependency */,
				29837301304C045C00712285 /* PBXTargetDependency */,
				29837303304C045C00712285 /* PBXTargetDependency */,
			);
			fileSystemSynchronizedGroups = (
				298372AC304BFCCF00712285 /* MnM on Mac */,
			);
			name = "MnM on Mac";
			packageProductDependencies = (
			);
			productName = "MnM on Mac";
			productReference = 298372AA304BFCCF00712285 /* MnM on Mac.app */;
			productType = "com.apple.product-type.application";
		};
		298372D1304BFE6000712285 /* MnMGameBridge */ = {
			isa = PBXNativeTarget;
			buildConfigurationList = 298372D6304BFE6000712285 /* Build configuration list for PBXNativeTarget "MnMGameBridge" */;
			buildPhases = (
				298372CE304BFE6000712285 /* Sources */,
				298372CF304BFE6000712285 /* Frameworks */,
				298372D0304BFE6000712285 /* CopyFiles */,
			);
			buildRules = (
			);
			dependencies = (
			);
			fileSystemSynchronizedGroups = (
				298372D3304BFE6000712285 /* MnMGameBridge */,
			);
			name = MnMGameBridge;
			packageProductDependencies = (
			);
			productName = "Product Name: MnMGameBridge MnMGameBridge";
			productReference = 298372D2304BFE6000712285 /* MnMGameBridge */;
			productType = "com.apple.product-type.tool";
		};
		298372E3304C01D400712285 /* MnMPatcherGuard */ = {
			isa = PBXNativeTarget;
			buildConfigurationList = 298372E8304C01D400712285 /* Build configuration list for PBXNativeTarget "MnMPatcherGuard" */;
			buildPhases = (
				298372E0304C01D400712285 /* Sources */,
				298372E1304C01D400712285 /* Frameworks */,
				298372E2304C01D400712285 /* CopyFiles */,
			);
			buildRules = (
			);
			dependencies = (
			);
			fileSystemSynchronizedGroups = (
				298372E5304C01D400712285 /* MnMPatcherGuard */,
			);
			name = MnMPatcherGuard;
			packageProductDependencies = (
			);
			productName = MnMPatcherGuard;
			productReference = 298372E4304C01D400712285 /* MnMPatcherGuard */;
			productType = "com.apple.product-type.tool";
		};
		298372F2304C034C00712285 /* MnMPlayRedirect */ = {
			isa = PBXNativeTarget;
			buildConfigurationList = 298372F9304C034C00712285 /* Build configuration list for PBXNativeTarget "MnMPlayRedirect" */;
			buildPhases = (
				298372EF304C034C00712285 /* Headers */,
				298372F0304C034C00712285 /* Sources */,
				298372F1304C034C00712285 /* Frameworks */,
			);
			buildRules = (
			);
			dependencies = (
			);
			fileSystemSynchronizedGroups = (
				298372F4304C034C00712285 /* MnMPlayRedirect */,
			);
			name = MnMPlayRedirect;
			packageProductDependencies = (
			);
			productName = MnMPlayRedirect;
			productReference = 298372F3304C034C00712285 /* MnMPlayRedirect.dylib */;
			productType = "com.apple.product-type.library.dynamic";
		};
/* End PBXNativeTarget section */

/* Begin PBXProject section */
		298372A2304BFCCE00712285 /* Project object */ = {
			isa = PBXProject;
			attributes = {
				BuildIndependentTargetsInParallel = 1;
				LastSwiftUpdateCheck = 2660;
				LastUpgradeCheck = 2660;
				TargetAttributes = {
					298372A9304BFCCF00712285 = {
						CreatedOnToolsVersion = 26.6;
						LastSwiftMigration = 2660;
					};
					298372D1304BFE6000712285 = {
						CreatedOnToolsVersion = 26.6;
						LastSwiftMigration = 2660;
					};
					298372E3304C01D400712285 = {
						CreatedOnToolsVersion = 26.6;
						LastSwiftMigration = 2660;
					};
					298372F2304C034C00712285 = {
						CreatedOnToolsVersion = 26.6;
					};
				};
			};
			buildConfigurationList = 298372A5304BFCCE00712285 /* Build configuration list for PBXProject "MnM on Mac" */;
			developmentRegion = en;
			hasScannedForEncodings = 0;
			knownRegions = (
				en,
				Base,
			);
			mainGroup = 298372A1304BFCCE00712285;
			minimizedProjectReferenceProxies = 1;
			preferredProjectObjectVersion = 77;
			productRefGroup = 298372AB304BFCCF00712285 /* Products */;
			projectDirPath = "";
			projectRoot = "";
			targets = (
				298372A9304BFCCF00712285 /* MnM on Mac */,
				298372D1304BFE6000712285 /* MnMGameBridge */,
				298372E3304C01D400712285 /* MnMPatcherGuard */,
				298372F2304C034C00712285 /* MnMPlayRedirect */,
			);
		};
/* End PBXProject section */

/* Begin PBXResourcesBuildPhase section */
		298372A8304BFCCF00712285 /* Resources */ = {
			isa = PBXResourcesBuildPhase;
			buildActionMask = 2147483647;
			files = (
			);
			runOnlyForDeploymentPostprocessing = 0;
		};
/* End PBXResourcesBuildPhase section */

/* Begin PBXSourcesBuildPhase section */
		298372A6304BFCCF00712285 /* Sources */ = {
			isa = PBXSourcesBuildPhase;
			buildActionMask = 2147483647;
			files = (
			);
			runOnlyForDeploymentPostprocessing = 0;
		};
		298372CE304BFE6000712285 /* Sources */ = {
			isa = PBXSourcesBuildPhase;
			buildActionMask = 2147483647;
			files = (
			);
			runOnlyForDeploymentPostprocessing = 0;
		};
		298372E0304C01D400712285 /* Sources */ = {
			isa = PBXSourcesBuildPhase;
			buildActionMask = 2147483647;
			files = (
			);
			runOnlyForDeploymentPostprocessing = 0;
		};
		298372F0304C034C00712285 /* Sources */ = {
			isa = PBXSourcesBuildPhase;
			buildActionMask = 2147483647;
			files = (
			);
			runOnlyForDeploymentPostprocessing = 0;
		};
/* End PBXSourcesBuildPhase section */

/* Begin PBXTargetDependency section */
		298372FF304C045C00712285 /* PBXTargetDependency */ = {
			isa = PBXTargetDependency;
			target = 298372D1304BFE6000712285 /* MnMGameBridge */;
			targetProxy = 298372FE304C045C00712285 /* PBXContainerItemProxy */;
		};
		29837301304C045C00712285 /* PBXTargetDependency */ = {
			isa = PBXTargetDependency;
			target = 298372E3304C01D400712285 /* MnMPatcherGuard */;
			targetProxy = 29837300304C045C00712285 /* PBXContainerItemProxy */;
		};
		29837303304C045C00712285 /* PBXTargetDependency */ = {
			isa = PBXTargetDependency;
			target = 298372F2304C034C00712285 /* MnMPlayRedirect */;
			targetProxy = 29837302304C045C00712285 /* PBXContainerItemProxy */;
		};
/* End PBXTargetDependency section */

/* Begin XCBuildConfiguration section */
		298372B3304BFCCF00712285 /* Debug */ = {
			isa = XCBuildConfiguration;
			buildSettings = {
				ALWAYS_SEARCH_USER_PATHS = NO;
				ASSETCATALOG_COMPILER_GENERATE_SWIFT_ASSET_SYMBOL_EXTENSIONS = YES;
				CLANG_ANALYZER_NONNULL = YES;
				CLANG_ANALYZER_NUMBER_OBJECT_CONVERSION = YES_AGGRESSIVE;
				CLANG_CXX_LANGUAGE_STANDARD = "gnu++20";
				CLANG_ENABLE_MODULES = YES;
				CLANG_ENABLE_OBJC_ARC = YES;
				CLANG_ENABLE_OBJC_WEAK = YES;
				CLANG_WARN_BLOCK_CAPTURE_AUTORELEASING = YES;
				CLANG_WARN_BOOL_CONVERSION = YES;
				CLANG_WARN_COMMA = YES;
				CLANG_WARN_CONSTANT_CONVERSION = YES;
				CLANG_WARN_DEPRECATED_OBJC_IMPLEMENTATIONS = YES;
				CLANG_WARN_DIRECT_OBJC_ISA_USAGE = YES_ERROR;
				CLANG_WARN_DOCUMENTATION_COMMENTS = YES;
				CLANG_WARN_EMPTY_BODY = YES;
				CLANG_WARN_ENUM_CONVERSION = YES;
				CLANG_WARN_INFINITE_RECURSION = YES;
				CLANG_WARN_INT_CONVERSION = YES;
				CLANG_WARN_NON_LITERAL_NULL_CONVERSION = YES;
				CLANG_WARN_OBJC_IMPLICIT_RETAIN_SELF = YES;
				CLANG_WARN_OBJC_LITERAL_CONVERSION = YES;
				CLANG_WARN_OBJC_ROOT_CLASS = YES_ERROR;
				CLANG_WARN_QUOTED_INCLUDE_IN_FRAMEWORK_HEADER = YES;
				CLANG_WARN_RANGE_LOOP_ANALYSIS = YES;
				CLANG_WARN_STRICT_PROTOTYPES = YES;
				CLANG_WARN_SUSPICIOUS_MOVE = YES;
				CLANG_WARN_UNGUARDED_AVAILABILITY = YES_AGGRESSIVE;
				CLANG_WARN_UNREACHABLE_CODE = YES;
				CLANG_WARN__DUPLICATE_METHOD_MATCH = YES;
				COPY_PHASE_STRIP = NO;
				DEBUG_INFORMATION_FORMAT = dwarf;
				ENABLE_STRICT_OBJC_MSGSEND = YES;
				ENABLE_TESTABILITY = YES;
				ENABLE_USER_SCRIPT_SANDBOXING = YES;
				GCC_C_LANGUAGE_STANDARD = gnu17;
				GCC_DYNAMIC_NO_PIC = NO;
				GCC_NO_COMMON_BLOCKS = YES;
				GCC_OPTIMIZATION_LEVEL = 0;
				GCC_PREPROCESSOR_DEFINITIONS = (
					"DEBUG=1",
					"$(inherited)",
				);
				GCC_WARN_64_TO_32_BIT_CONVERSION = YES;
				GCC_WARN_ABOUT_RETURN_TYPE = YES_ERROR;
				GCC_WARN_UNDECLARED_SELECTOR = YES;
				GCC_WARN_UNINITIALIZED_AUTOS = YES_AGGRESSIVE;
				GCC_WARN_UNUSED_FUNCTION = YES;
				GCC_WARN_UNUSED_VARIABLE = YES;
				LOCALIZATION_PREFERS_STRING_CATALOGS = YES;
				MTL_ENABLE_DEBUG_INFO = INCLUDE_SOURCE;
				MTL_FAST_MATH = YES;
				ONLY_ACTIVE_ARCH = YES;
				SWIFT_ACTIVE_COMPILATION_CONDITIONS = "DEBUG $(inherited)";
				SWIFT_OPTIMIZATION_LEVEL = "-Onone";
			};
			name = Debug;
		};
		298372B4304BFCCF00712285 /* Release */ = {
			isa = XCBuildConfiguration;
			buildSettings = {
				ALWAYS_SEARCH_USER_PATHS = NO;
				ASSETCATALOG_COMPILER_GENERATE_SWIFT_ASSET_SYMBOL_EXTENSIONS = YES;
				CLANG_ANALYZER_NONNULL = YES;
				CLANG_ANALYZER_NUMBER_OBJECT_CONVERSION = YES_AGGRESSIVE;
				CLANG_CXX_LANGUAGE_STANDARD = "gnu++20";
				CLANG_ENABLE_MODULES = YES;
				CLANG_ENABLE_OBJC_ARC = YES;
				CLANG_ENABLE_OBJC_WEAK = YES;
				CLANG_WARN_BLOCK_CAPTURE_AUTORELEASING = YES;
				CLANG_WARN_BOOL_CONVERSION = YES;
				CLANG_WARN_COMMA = YES;
				CLANG_WARN_CONSTANT_CONVERSION = YES;
				CLANG_WARN_DEPRECATED_OBJC_IMPLEMENTATIONS = YES;
				CLANG_WARN_DIRECT_OBJC_ISA_USAGE = YES_ERROR;
				CLANG_WARN_DOCUMENTATION_COMMENTS = YES;
				CLANG_WARN_EMPTY_BODY = YES;
				CLANG_WARN_ENUM_CONVERSION = YES;
				CLANG_WARN_INFINITE_RECURSION = YES;
				CLANG_WARN_INT_CONVERSION = YES;
				CLANG_WARN_NON_LITERAL_NULL_CONVERSION = YES;
				CLANG_WARN_OBJC_IMPLICIT_RETAIN_SELF = YES;
				CLANG_WARN_OBJC_LITERAL_CONVERSION = YES;
				CLANG_WARN_OBJC_ROOT_CLASS = YES_ERROR;
				CLANG_WARN_QUOTED_INCLUDE_IN_FRAMEWORK_HEADER = YES;
				CLANG_WARN_RANGE_LOOP_ANALYSIS = YES;
				CLANG_WARN_STRICT_PROTOTYPES = YES;
				CLANG_WARN_SUSPICIOUS_MOVE = YES;
				CLANG_WARN_UNGUARDED_AVAILABILITY = YES_AGGRESSIVE;
				CLANG_WARN_UNREACHABLE_CODE = YES;
				CLANG_WARN__DUPLICATE_METHOD_MATCH = YES;
				COPY_PHASE_STRIP = NO;
				DEBUG_INFORMATION_FORMAT = "dwarf-with-dsym";
				ENABLE_NS_ASSERTIONS = NO;
				ENABLE_STRICT_OBJC_MSGSEND = YES;
				ENABLE_USER_SCRIPT_SANDBOXING = YES;
				GCC_C_LANGUAGE_STANDARD = gnu17;
				GCC_NO_COMMON_BLOCKS = YES;
				GCC_WARN_64_TO_32_BIT_CONVERSION = YES;
				GCC_WARN_ABOUT_RETURN_TYPE = YES_ERROR;
				GCC_WARN_UNDECLARED_SELECTOR = YES;
				GCC_WARN_UNINITIALIZED_AUTOS = YES_AGGRESSIVE;
				GCC_WARN_UNUSED_FUNCTION = YES;
				GCC_WARN_UNUSED_VARIABLE = YES;
				LOCALIZATION_PREFERS_STRING_CATALOGS = YES;
				MTL_ENABLE_DEBUG_INFO = NO;
				MTL_FAST_MATH = YES;
				SWIFT_COMPILATION_MODE = wholemodule;
			};
			name = Release;
		};
		298372B6304BFCCF00712285 /* Debug */ = {
			isa = XCBuildConfiguration;
			buildSettings = {
				ASSETCATALOG_COMPILER_APPICON_NAME = "";
				ASSETCATALOG_COMPILER_GLOBAL_ACCENT_COLOR_NAME = AccentColor;
				CLANG_ENABLE_MODULES = YES;
				"CODE_SIGN_IDENTITY[sdk=macosx*]" = "Apple Development";
				CODE_SIGN_STYLE = Automatic;
				CURRENT_PROJECT_VERSION = 1;
				DEVELOPMENT_TEAM = 2Z4VFQNW75;
				ENABLE_APP_SANDBOX = NO;
				ENABLE_PREVIEWS = YES;
				GENERATE_INFOPLIST_FILE = NO;
				INFOPLIST_FILE = "MnM on Mac-Info.plist";
				INFOPLIST_KEY_LSApplicationCategoryType = "public.app-category.role-playing-games";
				"INFOPLIST_KEY_UIApplicationSceneManifest_Generation[sdk=iphoneos*]" = YES;
				"INFOPLIST_KEY_UIApplicationSceneManifest_Generation[sdk=iphonesimulator*]" = YES;
				"INFOPLIST_KEY_UIApplicationSupportsIndirectInputEvents[sdk=iphoneos*]" = YES;
				"INFOPLIST_KEY_UIApplicationSupportsIndirectInputEvents[sdk=iphonesimulator*]" = YES;
				"INFOPLIST_KEY_UILaunchScreen_Generation[sdk=iphoneos*]" = YES;
				"INFOPLIST_KEY_UILaunchScreen_Generation[sdk=iphonesimulator*]" = YES;
				"INFOPLIST_KEY_UIStatusBarStyle[sdk=iphoneos*]" = UIStatusBarStyleDefault;
				"INFOPLIST_KEY_UIStatusBarStyle[sdk=iphonesimulator*]" = UIStatusBarStyleDefault;
				INFOPLIST_KEY_UISupportedInterfaceOrientations_iPad = "UIInterfaceOrientationPortrait UIInterfaceOrientationPortraitUpsideDown UIInterfaceOrientationLandscapeLeft UIInterfaceOrientationLandscapeRight";
				INFOPLIST_KEY_UISupportedInterfaceOrientations_iPhone = "UIInterfaceOrientationPortrait UIInterfaceOrientationLandscapeLeft UIInterfaceOrientationLandscapeRight";
				IPHONEOS_DEPLOYMENT_TARGET = 26.5;
				LD_RUNPATH_SEARCH_PATHS = "@executable_path/Frameworks";
				"LD_RUNPATH_SEARCH_PATHS[sdk=macosx*]" = "@executable_path/../Frameworks";
				MACOSX_DEPLOYMENT_TARGET = 26.5;
				MARKETING_VERSION = 1.0.4;
				PRODUCT_BUNDLE_IDENTIFIER = io.github.seathasky.mnmonmac;
				PRODUCT_NAME = "$(TARGET_NAME)";
				REGISTER_APP_GROUPS = YES;
				SDKROOT = auto;
				STRING_CATALOG_GENERATE_SYMBOLS = YES;
				SUPPORTED_PLATFORMS = macosx;
				SUPPORTS_MACCATALYST = NO;
				SWIFT_APPROACHABLE_CONCURRENCY = YES;
				SWIFT_DEFAULT_ACTOR_ISOLATION = MainActor;
				SWIFT_EMIT_LOC_STRINGS = YES;
				SWIFT_OPTIMIZATION_LEVEL = "-Onone";
				SWIFT_UPCOMING_FEATURE_MEMBER_IMPORT_VISIBILITY = YES;
				SWIFT_VERSION = 5.0;
				XROS_DEPLOYMENT_TARGET = 26.5;
			};
			name = Debug;
		};
		298372B7304BFCCF00712285 /* Release */ = {
			isa = XCBuildConfiguration;
			buildSettings = {
				ASSETCATALOG_COMPILER_APPICON_NAME = "";
				ASSETCATALOG_COMPILER_GLOBAL_ACCENT_COLOR_NAME = AccentColor;
				AUTOMATION_APPLE_EVENTS = NO;
				CLANG_ENABLE_MODULES = YES;
				"CODE_SIGN_IDENTITY[sdk=macosx*]" = "Apple Development";
				CODE_SIGN_STYLE = Automatic;
				CURRENT_PROJECT_VERSION = 1;
				DEVELOPMENT_TEAM = 2Z4VFQNW75;
				ENABLE_APP_SANDBOX = NO;
				ENABLE_HARDENED_RUNTIME = YES;
				ENABLE_PREVIEWS = YES;
				ENABLE_RESOURCE_ACCESS_AUDIO_INPUT = NO;
				ENABLE_RESOURCE_ACCESS_CALENDARS = NO;
				ENABLE_RESOURCE_ACCESS_CAMERA = NO;
				ENABLE_RESOURCE_ACCESS_CONTACTS = NO;
				ENABLE_RESOURCE_ACCESS_LOCATION = NO;
				ENABLE_RESOURCE_ACCESS_PHOTO_LIBRARY = NO;
				GENERATE_INFOPLIST_FILE = NO;
				INFOPLIST_FILE = "MnM on Mac-Info.plist";
				INFOPLIST_KEY_LSApplicationCategoryType = "public.app-category.role-playing-games";
				"INFOPLIST_KEY_UIApplicationSceneManifest_Generation[sdk=iphoneos*]" = YES;
				"INFOPLIST_KEY_UIApplicationSceneManifest_Generation[sdk=iphonesimulator*]" = YES;
				"INFOPLIST_KEY_UIApplicationSupportsIndirectInputEvents[sdk=iphoneos*]" = YES;
				"INFOPLIST_KEY_UIApplicationSupportsIndirectInputEvents[sdk=iphonesimulator*]" = YES;
				"INFOPLIST_KEY_UILaunchScreen_Generation[sdk=iphoneos*]" = YES;
				"INFOPLIST_KEY_UILaunchScreen_Generation[sdk=iphonesimulator*]" = YES;
				"INFOPLIST_KEY_UIStatusBarStyle[sdk=iphoneos*]" = UIStatusBarStyleDefault;
				"INFOPLIST_KEY_UIStatusBarStyle[sdk=iphonesimulator*]" = UIStatusBarStyleDefault;
				INFOPLIST_KEY_UISupportedInterfaceOrientations_iPad = "UIInterfaceOrientationPortrait UIInterfaceOrientationPortraitUpsideDown UIInterfaceOrientationLandscapeLeft UIInterfaceOrientationLandscapeRight";
				INFOPLIST_KEY_UISupportedInterfaceOrientations_iPhone = "UIInterfaceOrientationPortrait UIInterfaceOrientationLandscapeLeft UIInterfaceOrientationLandscapeRight";
				IPHONEOS_DEPLOYMENT_TARGET = 26.5;
				LD_RUNPATH_SEARCH_PATHS = "@executable_path/Frameworks";
				"LD_RUNPATH_SEARCH_PATHS[sdk=macosx*]" = "@executable_path/../Frameworks";
				MACOSX_DEPLOYMENT_TARGET = 26.5;
				MARKETING_VERSION = 1.0.4;
				PRODUCT_BUNDLE_IDENTIFIER = io.github.seathasky.mnmonmac;
				PRODUCT_NAME = "$(TARGET_NAME)";
				REGISTER_APP_GROUPS = YES;
				RUNTIME_EXCEPTION_ALLOW_DYLD_ENVIRONMENT_VARIABLES = NO;
				RUNTIME_EXCEPTION_ALLOW_JIT = NO;
				RUNTIME_EXCEPTION_ALLOW_UNSIGNED_EXECUTABLE_MEMORY = NO;
				RUNTIME_EXCEPTION_DEBUGGING_TOOL = NO;
				RUNTIME_EXCEPTION_DISABLE_EXECUTABLE_PAGE_PROTECTION = NO;
				RUNTIME_EXCEPTION_DISABLE_LIBRARY_VALIDATION = NO;
				SDKROOT = auto;
				STRING_CATALOG_GENERATE_SYMBOLS = YES;
				SUPPORTED_PLATFORMS = macosx;
				SUPPORTS_MACCATALYST = NO;
				SWIFT_APPROACHABLE_CONCURRENCY = YES;
				SWIFT_DEFAULT_ACTOR_ISOLATION = MainActor;
				SWIFT_EMIT_LOC_STRINGS = YES;
				SWIFT_UPCOMING_FEATURE_MEMBER_IMPORT_VISIBILITY = YES;
				SWIFT_VERSION = 5.0;
				XROS_DEPLOYMENT_TARGET = 26.5;
			};
			name = Release;
		};
		298372D7304BFE6000712285 /* Debug */ = {
			isa = XCBuildConfiguration;
			buildSettings = {
				CLANG_ENABLE_MODULES = YES;
				CODE_SIGN_STYLE = Automatic;
				MACOSX_DEPLOYMENT_TARGET = 26.5;
				PRODUCT_NAME = "$(TARGET_NAME)";
				SDKROOT = macosx;
				SKIP_INSTALL = YES;
				SWIFT_APPROACHABLE_CONCURRENCY = YES;
				SWIFT_OPTIMIZATION_LEVEL = "-Onone";
				SWIFT_UPCOMING_FEATURE_MEMBER_IMPORT_VISIBILITY = YES;
				SWIFT_VERSION = 5.0;
			};
			name = Debug;
		};
		298372D8304BFE6000712285 /* Release */ = {
			isa = XCBuildConfiguration;
			buildSettings = {
				CLANG_ENABLE_MODULES = YES;
				CODE_SIGN_STYLE = Automatic;
				MACOSX_DEPLOYMENT_TARGET = 26.5;
				PRODUCT_NAME = "$(TARGET_NAME)";
				SDKROOT = macosx;
				SKIP_INSTALL = YES;
				SWIFT_APPROACHABLE_CONCURRENCY = YES;
				SWIFT_UPCOMING_FEATURE_MEMBER_IMPORT_VISIBILITY = YES;
				SWIFT_VERSION = 5.0;
			};
			name = Release;
		};
		298372E9304C01D400712285 /* Debug */ = {
			isa = XCBuildConfiguration;
			buildSettings = {
				CLANG_ENABLE_MODULES = YES;
				CODE_SIGN_STYLE = Automatic;
				MACOSX_DEPLOYMENT_TARGET = 26.5;
				PRODUCT_NAME = "$(TARGET_NAME)";
				SDKROOT = macosx;
				SKIP_INSTALL = YES;
				SWIFT_APPROACHABLE_CONCURRENCY = YES;
				SWIFT_OPTIMIZATION_LEVEL = "-Onone";
				SWIFT_UPCOMING_FEATURE_MEMBER_IMPORT_VISIBILITY = YES;
				SWIFT_VERSION = 5.0;
			};
			name = Debug;
		};
		298372EA304C01D400712285 /* Release */ = {
			isa = XCBuildConfiguration;
			buildSettings = {
				CLANG_ENABLE_MODULES = YES;
				CODE_SIGN_STYLE = Automatic;
				MACOSX_DEPLOYMENT_TARGET = 26.5;
				PRODUCT_NAME = "$(TARGET_NAME)";
				SDKROOT = macosx;
				SKIP_INSTALL = YES;
				SWIFT_APPROACHABLE_CONCURRENCY = YES;
				SWIFT_UPCOMING_FEATURE_MEMBER_IMPORT_VISIBILITY = YES;
				SWIFT_VERSION = 5.0;
			};
			name = Release;
		};
		298372FA304C034C00712285 /* Debug */ = {
			isa = XCBuildConfiguration;
			buildSettings = {
				CODE_SIGN_STYLE = Automatic;
				DYLIB_COMPATIBILITY_VERSION = 1;
				DYLIB_CURRENT_VERSION = 1;
				EXECUTABLE_PREFIX = "";
				MACOSX_DEPLOYMENT_TARGET = 26.5;
				PRODUCT_NAME = "$(TARGET_NAME)";
				SDKROOT = macosx;
				SKIP_INSTALL = YES;
			};
			name = Debug;
		};
		298372FB304C034C00712285 /* Release */ = {
			isa = XCBuildConfiguration;
			buildSettings = {
				CODE_SIGN_STYLE = Automatic;
				DYLIB_COMPATIBILITY_VERSION = 1;
				DYLIB_CURRENT_VERSION = 1;
				EXECUTABLE_PREFIX = "";
				MACOSX_DEPLOYMENT_TARGET = 26.5;
				PRODUCT_NAME = "$(TARGET_NAME)";
				SDKROOT = macosx;
				SKIP_INSTALL = YES;
			};
			name = Release;
		};
/* End XCBuildConfiguration section */

/* Begin XCConfigurationList section */
		298372A5304BFCCE00712285 /* Build configuration list for PBXProject "MnM on Mac" */ = {
			isa = XCConfigurationList;
			buildConfigurations = (
				298372B3304BFCCF00712285 /* Debug */,
				298372B4304BFCCF00712285 /* Release */,
			);
			defaultConfigurationIsVisible = 0;
			defaultConfigurationName = Release;
		};
		298372B5304BFCCF00712285 /* Build configuration list for PBXNativeTarget "MnM on Mac" */ = {
			isa = XCConfigurationList;
			buildConfigurations = (
				298372B6304BFCCF00712285 /* Debug */,
				298372B7304BFCCF00712285 /* Release */,
			);
			defaultConfigurationIsVisible = 0;
			defaultConfigurationName = Release;
		};
		298372D6304BFE6000712285 /* Build configuration list for PBXNativeTarget "MnMGameBridge" */ = {
			isa = XCConfigurationList;
			buildConfigurations = (
				298372D7304BFE6000712285 /* Debug */,
				298372D8304BFE6000712285 /* Release */,
			);
			defaultConfigurationIsVisible = 0;
			defaultConfigurationName = Release;
		};
		298372E8304C01D400712285 /* Build configuration list for PBXNativeTarget "MnMPatcherGuard" */ = {
			isa = XCConfigurationList;
			buildConfigurations = (
				298372E9304C01D400712285 /* Debug */,
				298372EA304C01D400712285 /* Release */,
			);
			defaultConfigurationIsVisible = 0;
			defaultConfigurationName = Release;
		};
		298372F9304C034C00712285 /* Build configuration list for PBXNativeTarget "MnMPlayRedirect" */ = {
			isa = XCConfigurationList;
			buildConfigurations = (
				298372FA304C034C00712285 /* Debug */,
				298372FB304C034C00712285 /* Release */,
			);
			defaultConfigurationIsVisible = 0;
			defaultConfigurationName = Release;
		};
/* End XCConfigurationList section */
	};
	rootObject = 298372A2304BFCCE00712285 /* Project object */;
}
